PODS:
  - AppAuth (2.1.0):
    - AppAuth/Core (= 2.1.0)
    - AppAuth/ExternalUserAgent (= 2.1.0)
  - AppAuth/Core (2.1.0)
  - AppAuth/ExternalUserAgent (2.1.0):
    - AppAuth/Core
  - AppCheckCore (11.3.2):
    - GoogleUtilities/Environment (~> 8.0)
    - GoogleUtilities/UserDefaults (~> 8.0)
    - PromisesObjC (~> 2.4)
    - PromisesSwift (~> 2.4)
    - RecaptchaInterop (~> 101.0)
  - Firebase/Auth (12.19.0):
    - Firebase/CoreOnly
    - FirebaseAuth (~> 12.19.0)
  - Firebase/CoreOnly (12.19.0):
    - FirebaseCore (~> 12.19.0)
  - Firebase/RemoteConfig (12.19.0):
    - Firebase/CoreOnly
    - FirebaseRemoteConfig (~> 12.19.0)
  - firebase_auth (6.7.0):
    - Firebase/Auth (= 12.19.0)
    - firebase_core
    - Flutter
  - firebase_core (4.15.0):
    - Firebase/CoreOnly (= 12.19.0)
    - Flutter
  - firebase_remote_config (6.7.0):
    - Firebase/RemoteConfig (= 12.19.0)
    - firebase_core
    - Flutter
  - FirebaseABTesting (12.19.0):
    - FirebaseCore (~> 12.19.0)
  - FirebaseAppCheckInterop (12.19.0)
  - FirebaseAuth (12.19.0):
    - FirebaseAppCheckInterop (~> 12.19.0)
    - FirebaseAuthInterop (~> 12.19.0)
    - FirebaseCore (~> 12.19.0)
    - FirebaseCoreExtension (~> 12.19.0)
    - GoogleUtilities/AppDelegateSwizzler (~> 8.1)
    - GoogleUtilities/Environment (~> 8.1)
    - GTMSessionFetcher/Core (< 6.0, >= 3.4)
    - RecaptchaInterop (~> 101.0)
  - FirebaseAuthInterop (12.19.0)
  - FirebaseCore (12.19.0):
    - FirebaseCoreInternal (~> 12.19.0)
    - GoogleUtilities/Environment (~> 8.1)
    - GoogleUtilities/Logger (~> 8.1)
  - FirebaseCoreExtension (12.19.0):
    - FirebaseCore (~> 12.19.0)
  - FirebaseCoreInternal (12.19.0):
    - "GoogleUtilities/NSData+zlib (~> 8.1)"
  - FirebaseInstallations (12.19.0):
    - FirebaseCore (~> 12.19.0)
    - GoogleUtilities/Environment (~> 8.1)
    - GoogleUtilities/UserDefaults (~> 8.1)
    - PromisesObjC (~> 2.4)
  - FirebaseRemoteConfig (12.19.0):
    - FirebaseABTesting (~> 12.19.0)
    - FirebaseCore (~> 12.19.0)
    - FirebaseInstallations (~> 12.19.0)
    - FirebaseRemoteConfigInterop (~> 12.19.0)
    - FirebaseSharedSwift (~> 12.19.0)
    - GoogleUtilities/Environment (~> 8.1)
    - "GoogleUtilities/NSData+zlib (~> 8.1)"
  - FirebaseRemoteConfigInterop (12.19.0)
  - FirebaseSharedSwift (12.19.0)
  - Flutter (1.0.0)
  - flutter_secure_storage_darwin (10.0.0):
    - Flutter
    - FlutterMacOS
  - google_sign_in_ios (0.0.1):
    - Flutter
    - FlutterMacOS
    - GoogleSignIn (~> 9.0)
    - GTMSessionFetcher (>= 3.4.0)
  - GoogleSignIn (9.2.0):
    - AppAuth (~> 2.1)
    - AppCheckCore (~> 11.0)
    - GTMAppAuth (~> 5.0)
    - GTMSessionFetcher/Core (~> 3.3)
  - GoogleUtilities/AppDelegateSwizzler (8.1.3):
    - GoogleUtilities/Environment
    - GoogleUtilities/Logger
    - GoogleUtilities/Network
    - GoogleUtilities/Privacy
  - GoogleUtilities/Environment (8.1.3):
    - GoogleUtilities/Privacy
  - GoogleUtilities/Logger (8.1.3):
    - GoogleUtilities/Environment
    - GoogleUtilities/Privacy
  - GoogleUtilities/Network (8.1.3):
    - GoogleUtilities/Logger
    - "GoogleUtilities/NSData+zlib"
    - GoogleUtilities/Privacy
    - GoogleUtilities/Reachability
  - "GoogleUtilities/NSData+zlib (8.1.3)":
    - GoogleUtilities/Privacy
  - GoogleUtilities/Privacy (8.1.3)
  - GoogleUtilities/Reachability (8.1.3):
    - GoogleUtilities/Logger
    - GoogleUtilities/Privacy
  - GoogleUtilities/UserDefaults (8.1.3):
    - GoogleUtilities/Logger
    - GoogleUtilities/Privacy
  - GTMAppAuth (5.0.0):
    - AppAuth/Core (~> 2.0)
    - GTMSessionFetcher/Core (< 4.0, >= 3.3)
  - GTMSessionFetcher (3.5.0):
    - GTMSessionFetcher/Full (= 3.5.0)
  - GTMSessionFetcher/Core (3.5.0)
  - GTMSessionFetcher/Full (3.5.0):
    - GTMSessionFetcher/Core
  - package_info_plus (0.4.5):
    - Flutter
  - PromisesObjC (2.4.1)
  - PromisesSwift (2.4.1):
    - PromisesObjC (= 2.4.1)
  - RecaptchaInterop (101.0.0)
  - sign_in_with_apple (0.0.1):
    - Flutter
    - FlutterMacOS
  - url_launcher_ios (0.0.1):
    - Flutter

DEPENDENCIES:
  - firebase_auth (from `.symlinks/plugins/firebase_auth/ios`)
  - firebase_core (from `.symlinks/plugins/firebase_core/ios`)
  - firebase_remote_config (from `.symlinks/plugins/firebase_remote_config/ios`)
  - Flutter (from `Flutter`)
  - flutter_secure_storage_darwin (from `.symlinks/plugins/flutter_secure_storage_darwin/darwin`)
  - google_sign_in_ios (from `.symlinks/plugins/google_sign_in_ios/darwin`)
  - package_info_plus (from `.symlinks/plugins/package_info_plus/ios`)
  - sign_in_with_apple (from `.symlinks/plugins/sign_in_with_apple/darwin`)
  - url_launcher_ios (from `.symlinks/plugins/url_launcher_ios/ios`)

SPEC REPOS:
  trunk:
    - AppAuth
    - AppCheckCore
    - Firebase
    - FirebaseABTesting
    - FirebaseAppCheckInterop
    - FirebaseAuth
    - FirebaseAuthInterop
    - FirebaseCore
    - FirebaseCoreExtension
    - FirebaseCoreInternal
    - FirebaseInstallations
    - FirebaseRemoteConfig
    - FirebaseRemoteConfigInterop
    - FirebaseSharedSwift
    - GoogleSignIn
    - GoogleUtilities
    - GTMAppAuth
    - GTMSessionFetcher
    - PromisesObjC
    - PromisesSwift
    - RecaptchaInterop

EXTERNAL SOURCES:
  firebase_auth:
    :path: ".symlinks/plugins/firebase_auth/ios"
  firebase_core:
    :path: ".symlinks/plugins/firebase_core/ios"
  firebase_remote_config:
    :path: ".symlinks/plugins/firebase_remote_config/ios"
  Flutter:
    :path: Flutter
  flutter_secure_storage_darwin:
    :path: ".symlinks/plugins/flutter_secure_storage_darwin/darwin"
  google_sign_in_ios:
    :path: ".symlinks/plugins/google_sign_in_ios/darwin"
  package_info_plus:
    :path: ".symlinks/plugins/package_info_plus/ios"
  sign_in_with_apple:
    :path: ".symlinks/plugins/sign_in_with_apple/darwin"
  url_launcher_ios:
    :path: ".symlinks/plugins/url_launcher_ios/ios"

SPEC CHECKSUMS:
  AppAuth: ef4da5a3fc2e10b90c09a0a94a9baeaedc0341d5
  AppCheckCore: be8fce5469f68d7f6a29aa94b25f097409ff7fdc
  Firebase: 7ca191e43724142f79fae653547b3382c45413cc
  firebase_auth: 36fa0bc88f7ea4c0ad5c543d117674d05be29799
  firebase_core: 7ed66bd750bf2b7a29268b21d63eec7bc6799ee8
  firebase_remote_config: a683c89aa52739f7808a61ad8ee40b5677348ae3
  FirebaseABTesting: 3f0f330ed5e19323fe512006d62a38399a7de7c1
  FirebaseAppCheckInterop: bd4b791ffaed7ae719304af6369d243ddee5e4a0
  FirebaseAuth: 8c38236f67e5e3dd6aacf3e0c46b3eed31e9c820
  FirebaseAuthInterop: f1ad187a0052276ad49a990538accfdf36fc595d
  FirebaseCore: c990214798d7c568ad436a15ba7da25c7a278c9a
  FirebaseCoreExtension: 201c78d7491a273d61d8afbf491214276a951e6d
  FirebaseCoreInternal: 656b1c2fd5a1c5976183dc54b73deda78fb26ee3
  FirebaseInstallations: f70a49eed611f5602f373e40974b3b01556ac217
  FirebaseRemoteConfig: 93d0b4712662842bbea714375ec92f0411d567f6
  FirebaseRemoteConfigInterop: 90659b3cac8f6de884f2d930fbdbeb711533e142
  FirebaseSharedSwift: c91f36aeaa566e12b682caacc40d34c8303c3124
  Flutter: cabc95a1d2626b1b06e7179b784ebcf0c0cde467
  flutter_secure_storage_darwin: 557817588b80e60213cbecb573c45c76b788018d
  google_sign_in_ios: 7336a3372ea93ea56a21e126a0055ffca3723601
  GoogleSignIn: e449a40a92e9f2eea56e98b5214d13725dc5a00a
  GoogleUtilities: 4e0c2ad9fa0d0d18b5c4df8bf57b461cba35b0bb
  GTMAppAuth: 217a876b249c3c585a54fd6f73e6b58c4f5c4238
  GTMSessionFetcher: 5aea5ba6bd522a239e236100971f10cb71b96ab6
  package_info_plus: c0502532a26c7662a62a356cebe2692ec5fe4ec4
  PromisesObjC: 752c3227f599e3467650e47ea36f433eeb10c273
  PromisesSwift: 217dea0fd5d2ad65222a109c48698add13cc1c5b
  RecaptchaInterop: 11e0b637842dfb48308d242afc3f448062325aba
  sign_in_with_apple: fb98447f3dfb81e2926945ea43a8c9c7205eaca9
  url_launcher_ios: bb13df5870e8c4234ca12609d04010a21be43dfa

PODFILE CHECKSUM: 53a6aebc29ccee84c41f92f409fc20cd4ca011f1

COCOAPODS: 1.16.2
